
Microsoft Visual Studio Solution File, Format Version 12.00
# Visual Studio 15
VisualStudioVersion = 15.0.28307.960
MinimumVisualStudioVersion = 10.0.40219.1
Project("{FAE04EC0-301F-11D3-BF4B-00C04F79EFBC}") = "COVID_Data_Filtration", "COVID_Data_Filtration\COVID_Data_Filtration.csproj", "{D3A49E88-E954-4C66-988C-728AAFFA400D}"
EndProject
Global
	GlobalSection(SolutionConfigurationPlatforms) = preSolution
		Debug|Any CPU = Debug|Any CPU
		Release|Any CPU = Release|Any CPU
	EndGlobalSection
	GlobalSection(ProjectConfigurationPlatforms) = postSolution
		{D3A49E88-E954-4C66-988C-728AAFFA400D}.Debug|Any CPU.ActiveCfg = Debug|Any CPU
		{D3A49E88-E954-4C66-988C-728AAFFA400D}.Debug|Any CPU.Build.0 = Debug|Any CPU
		{D3A49E88-E954-4C66-988C-728AAFFA400D}.Release|Any CPU.ActiveCfg = Release|Any CPU
		{D3A49E88-E954-4C66-988C-728AAFFA400D}.Release|Any CPU.Build.0 = Release|Any CPU
	EndGlobalSection
	GlobalSection(SolutionProperties) = preSolution
		HideSolutionNode = FALSE
	EndGlobalSection
	GlobalSection(ExtensibilityGlobals) = postSolution
		SolutionGuid = {4C63B23C-407C-4227-9CB8-74FAC2E30BB9}
	EndGlobalSection
EndGlobal
